
Microsoft Visual Studio Solution File, Format Version 12.00
# Visual Studio Version 17
VisualStudioVersion = 17.8.34309.116
MinimumVisualStudioVersion = 10.0.40219.1
Project("{9A19103F-16F7-4668-BE54-9A1E7A4F7556}") = "WebAPI", "WebAPI\WebAPI.csproj", "{E02CF8CA-413D-4616-A78E-BBBB1BE3F824}"
EndProject
Project("{FAE04EC0-301F-11D3-BF4B-00C04F79EFBC}") = "Entities", "Entities\Entities.csproj", "{1A5E1340-6042-4D72-BADF-13E508C3E23B}"
EndProject
Project("{FAE04EC0-301F-11D3-BF4B-00C04F79EFBC}") = "Repositories", "Repositories\Repositories.csproj", "{6AC85400-3EFA-4B44-9CE3-18C5A5DB57D5}"
EndProject
Global
	GlobalSection(SolutionConfigurationPlatforms) = preSolution
		Debug|Any CPU = Debug|Any CPU
		Release|Any CPU = Release|Any CPU
	EndGlobalSection
	GlobalSection(ProjectConfigurationPlatforms) = postSolution
		{E02CF8CA-413D-4616-A78E-BBBB1BE3F824}.Debug|Any CPU.ActiveCfg = Debug|Any CPU
		{E02CF8CA-413D-4616-A78E-BBBB1BE3F824}.Debug|Any CPU.Build.0 = Debug|Any CPU
		{E02CF8CA-413D-4616-A78E-BBBB1BE3F824}.Release|Any CPU.ActiveCfg = Release|Any CPU
		{E02CF8CA-413D-4616-A78E-BBBB1BE3F824}.Release|Any CPU.Build.0 = Release|Any CPU
		{1A5E1340-6042-4D72-BADF-13E508C3E23B}.Debug|Any CPU.ActiveCfg = Debug|Any CPU
		{1A5E1340-6042-4D72-BADF-13E508C3E23B}.Debug|Any CPU.Build.0 = Debug|Any CPU
		{1A5E1340-6042-4D72-BADF-13E508C3E23B}.Release|Any CPU.ActiveCfg = Release|Any CPU
		{1A5E1340-6042-4D72-BADF-13E508C3E23B}.Release|Any CPU.Build.0 = Release|Any CPU
		{6AC85400-3EFA-4B44-9CE3-18C5A5DB57D5}.Debug|Any CPU.ActiveCfg = Debug|Any CPU
		{6AC85400-3EFA-4B44-9CE3-18C5A5DB57D5}.Debug|Any CPU.Build.0 = Debug|Any CPU
		{6AC85400-3EFA-4B44-9CE3-18C5A5DB57D5}.Release|Any CPU.ActiveCfg = Release|Any CPU
		{6AC85400-3EFA-4B44-9CE3-18C5A5DB57D5}.Release|Any CPU.Build.0 = Release|Any CPU
	EndGlobalSection
	GlobalSection(SolutionProperties) = preSolution
		HideSolutionNode = FALSE
	EndGlobalSection
	GlobalSection(ExtensibilityGlobals) = postSolution
		SolutionGuid = {7EEED8B6-C126-42F0-BC57-32B16D798D03}
	EndGlobalSection
EndGlobal
